
Microsoft Visual Studio Solution File, Format Version 12.00
# Visual Studio Version 17
VisualStudioVersion = 17.0.32112.339
MinimumVisualStudioVersion = 10.0.40219.1
Project("{FAE04EC0-301F-11D3-BF4B-00C04F79EFBC}") = "UserTagViewer", "UserTagViewer.csproj", "{3680B5F9-AB7C-4ABA-B04E-CC4DE7156EA8}"
EndProject
Global
	GlobalSection(SolutionConfigurationPlatforms) = preSolution
		Debug|Any CPU = Debug|Any CPU
		Release|Any CPU = Release|Any CPU
	EndGlobalSection
	GlobalSection(ProjectConfigurationPlatforms) = postSolution
		{3680B5F9-AB7C-4ABA-B04E-CC4DE7156EA8}.Debug|Any CPU.ActiveCfg = Debug|Any CPU
		{3680B5F9-AB7C-4ABA-B04E-CC4DE7156EA8}.Debug|Any CPU.Build.0 = Debug|Any CPU
		{3680B5F9-AB7C-4ABA-B04E-CC4DE7156EA8}.Release|Any CPU.ActiveCfg = Release|Any CPU
		{3680B5F9-AB7C-4ABA-B04E-CC4DE7156EA8}.Release|Any CPU.Build.0 = Release|Any CPU
	EndGlobalSection
	GlobalSection(SolutionProperties) = preSolution
		HideSolutionNode = FALSE
	EndGlobalSection
	GlobalSection(ExtensibilityGlobals) = postSolution
		SolutionGuid = {C9F35A81-D5E8-4969-9437-6AC1D3CF3192}
	EndGlobalSection
EndGlobal
