
Microsoft Visual Studio Solution File, Format Version 12.00
Project("{FAE04EC0-301F-11D3-BF4B-00C04F79EFBC}") = "MLConsoleViewer", "MLConsoleViewer.csproj", "{F392AE3F-3C57-4DC2-B789-CE722DC2516C}"
EndProject
Global
	GlobalSection(SolutionConfigurationPlatforms) = preSolution
		Debug|Any CPU = Debug|Any CPU
		Release|Any CPU = Release|Any CPU
	EndGlobalSection
	GlobalSection(ProjectConfigurationPlatforms) = postSolution
		{F392AE3F-3C57-4DC2-B789-CE722DC2516C}.Debug|Any CPU.ActiveCfg = Debug|Any CPU
		{F392AE3F-3C57-4DC2-B789-CE722DC2516C}.Debug|Any CPU.Build.0 = Debug|Any CPU
		{F392AE3F-3C57-4DC2-B789-CE722DC2516C}.Release|Any CPU.ActiveCfg = Release|Any CPU
		{F392AE3F-3C57-4DC2-B789-CE722DC2516C}.Release|Any CPU.Build.0 = Release|Any CPU
	EndGlobalSection
EndGlobal
