
Microsoft Visual Studio Solution File, Format Version 12.00
Project("{FAE04EC0-301F-11D3-BF4B-00C04F79EFBC}") = "QMScale", "QMScale.csproj", "{33D34DA2-138A-453D-A202-49E3A1D64933}"
EndProject
Global
	GlobalSection(SolutionConfigurationPlatforms) = preSolution
		Debug|Any CPU = Debug|Any CPU
		Release|Any CPU = Release|Any CPU
	EndGlobalSection
	GlobalSection(ProjectConfigurationPlatforms) = postSolution
		{33D34DA2-138A-453D-A202-49E3A1D64933}.Debug|Any CPU.ActiveCfg = Debug|Any CPU
		{33D34DA2-138A-453D-A202-49E3A1D64933}.Debug|Any CPU.Build.0 = Debug|Any CPU
		{33D34DA2-138A-453D-A202-49E3A1D64933}.Release|Any CPU.ActiveCfg = Release|Any CPU
		{33D34DA2-138A-453D-A202-49E3A1D64933}.Release|Any CPU.Build.0 = Release|Any CPU
	EndGlobalSection
EndGlobal
